
Microsoft Visual Studio Solution File, Format Version 12.00
# Visual Studio Version 17
VisualStudioVersion = 17.8.34330.188
MinimumVisualStudioVersion = 10.0.40219.1
Project("{9A19103F-16F7-4668-BE54-9A1E7A4F7556}") = "PicoGK", "PicoGK\PicoGK.csproj", "{53501741-D8C0-4E96-A3FB-34FB4CD74DBE}"
EndProject
Project("{9A19103F-16F7-4668-BE54-9A1E7A4F7556}") = "ShapeKernel", "ShapeKernel\ShapeKernel.csproj", "{D9AF1393-FD53-4A78-9971-1A9BAD2CD20E}"
EndProject
Project("{9A19103F-16F7-4668-BE54-9A1E7A4F7556}") = "LatticeLibrary", "LatticeLibrary\LatticeLibrary.csproj", "{470874FF-10BB-4D67-996D-2F7A59862D7C}"
EndProject
Project("{9A19103F-16F7-4668-BE54-9A1E7A4F7556}") = "PicoGK Example", "PicoGK Example\PicoGK Example.csproj", "{9E3597B5-345E-46FB-BEBE-AC93B385E5E9}"
EndProject
Project("{9A19103F-16F7-4668-BE54-9A1E7A4F7556}") = "PicoGH", "PicoGH\PicoGH.csproj", "{69CF0DE8-F481-46DE-BEC0-AE3045EF2686}"
EndProject
Global
	GlobalSection(SolutionConfigurationPlatforms) = preSolution
		DebugR7|Any CPU = DebugR7|Any CPU
		DebugR8|Any CPU = DebugR8|Any CPU
		ReleaseR7|Any CPU = ReleaseR7|Any CPU
		ReleaseR8|Any CPU = ReleaseR8|Any CPU
	EndGlobalSection
	GlobalSection(ProjectConfigurationPlatforms) = postSolution
		{53501741-D8C0-4E96-A3FB-34FB4CD74DBE}.DebugR7|Any CPU.ActiveCfg = DebugR7|Any CPU
		{53501741-D8C0-4E96-A3FB-34FB4CD74DBE}.DebugR7|Any CPU.Build.0 = DebugR7|Any CPU
		{53501741-D8C0-4E96-A3FB-34FB4CD74DBE}.DebugR8|Any CPU.ActiveCfg = DebugR8|Any CPU
		{53501741-D8C0-4E96-A3FB-34FB4CD74DBE}.DebugR8|Any CPU.Build.0 = DebugR8|Any CPU
		{53501741-D8C0-4E96-A3FB-34FB4CD74DBE}.ReleaseR7|Any CPU.ActiveCfg = ReleaseR7|Any CPU
		{53501741-D8C0-4E96-A3FB-34FB4CD74DBE}.ReleaseR7|Any CPU.Build.0 = ReleaseR7|Any CPU
		{53501741-D8C0-4E96-A3FB-34FB4CD74DBE}.ReleaseR8|Any CPU.ActiveCfg = ReleaseR8|Any CPU
		{53501741-D8C0-4E96-A3FB-34FB4CD74DBE}.ReleaseR8|Any CPU.Build.0 = ReleaseR8|Any CPU
		{D9AF1393-FD53-4A78-9971-1A9BAD2CD20E}.DebugR7|Any CPU.ActiveCfg = DebugR7|Any CPU
		{D9AF1393-FD53-4A78-9971-1A9BAD2CD20E}.DebugR7|Any CPU.Build.0 = DebugR7|Any CPU
		{D9AF1393-FD53-4A78-9971-1A9BAD2CD20E}.DebugR8|Any CPU.ActiveCfg = DebugR8|Any CPU
		{D9AF1393-FD53-4A78-9971-1A9BAD2CD20E}.DebugR8|Any CPU.Build.0 = DebugR8|Any CPU
		{D9AF1393-FD53-4A78-9971-1A9BAD2CD20E}.ReleaseR7|Any CPU.ActiveCfg = ReleaseR7|Any CPU
		{D9AF1393-FD53-4A78-9971-1A9BAD2CD20E}.ReleaseR7|Any CPU.Build.0 = ReleaseR7|Any CPU
		{D9AF1393-FD53-4A78-9971-1A9BAD2CD20E}.ReleaseR8|Any CPU.ActiveCfg = ReleaseR8|Any CPU
		{D9AF1393-FD53-4A78-9971-1A9BAD2CD20E}.ReleaseR8|Any CPU.Build.0 = ReleaseR8|Any CPU
		{470874FF-10BB-4D67-996D-2F7A59862D7C}.DebugR7|Any CPU.ActiveCfg = DebugR7|Any CPU
		{470874FF-10BB-4D67-996D-2F7A59862D7C}.DebugR7|Any CPU.Build.0 = DebugR7|Any CPU
		{470874FF-10BB-4D67-996D-2F7A59862D7C}.DebugR8|Any CPU.ActiveCfg = DebugR8|Any CPU
		{470874FF-10BB-4D67-996D-2F7A59862D7C}.DebugR8|Any CPU.Build.0 = DebugR8|Any CPU
		{470874FF-10BB-4D67-996D-2F7A59862D7C}.ReleaseR7|Any CPU.ActiveCfg = ReleaseR7|Any CPU
		{470874FF-10BB-4D67-996D-2F7A59862D7C}.ReleaseR7|Any CPU.Build.0 = ReleaseR7|Any CPU
		{470874FF-10BB-4D67-996D-2F7A59862D7C}.ReleaseR8|Any CPU.ActiveCfg = ReleaseR8|Any CPU
		{470874FF-10BB-4D67-996D-2F7A59862D7C}.ReleaseR8|Any CPU.Build.0 = ReleaseR8|Any CPU
		{9E3597B5-345E-46FB-BEBE-AC93B385E5E9}.DebugR7|Any CPU.ActiveCfg = DebugR7|Any CPU
		{9E3597B5-345E-46FB-BEBE-AC93B385E5E9}.DebugR7|Any CPU.Build.0 = DebugR7|Any CPU
		{9E3597B5-345E-46FB-BEBE-AC93B385E5E9}.DebugR8|Any CPU.ActiveCfg = DebugR8|Any CPU
		{9E3597B5-345E-46FB-BEBE-AC93B385E5E9}.DebugR8|Any CPU.Build.0 = DebugR8|Any CPU
		{9E3597B5-345E-46FB-BEBE-AC93B385E5E9}.ReleaseR7|Any CPU.ActiveCfg = ReleaseR7|Any CPU
		{9E3597B5-345E-46FB-BEBE-AC93B385E5E9}.ReleaseR7|Any CPU.Build.0 = ReleaseR7|Any CPU
		{9E3597B5-345E-46FB-BEBE-AC93B385E5E9}.ReleaseR8|Any CPU.ActiveCfg = ReleaseR8|Any CPU
		{9E3597B5-345E-46FB-BEBE-AC93B385E5E9}.ReleaseR8|Any CPU.Build.0 = ReleaseR8|Any CPU
		{69CF0DE8-F481-46DE-BEC0-AE3045EF2686}.DebugR7|Any CPU.ActiveCfg = DebugR7|Any CPU
		{69CF0DE8-F481-46DE-BEC0-AE3045EF2686}.DebugR7|Any CPU.Build.0 = DebugR7|Any CPU
		{69CF0DE8-F481-46DE-BEC0-AE3045EF2686}.DebugR8|Any CPU.ActiveCfg = DebugR8|Any CPU
		{69CF0DE8-F481-46DE-BEC0-AE3045EF2686}.DebugR8|Any CPU.Build.0 = DebugR8|Any CPU
		{69CF0DE8-F481-46DE-BEC0-AE3045EF2686}.ReleaseR7|Any CPU.ActiveCfg = ReleaseR7|Any CPU
		{69CF0DE8-F481-46DE-BEC0-AE3045EF2686}.ReleaseR7|Any CPU.Build.0 = ReleaseR7|Any CPU
		{69CF0DE8-F481-46DE-BEC0-AE3045EF2686}.ReleaseR8|Any CPU.ActiveCfg = ReleaseR8|Any CPU
		{69CF0DE8-F481-46DE-BEC0-AE3045EF2686}.ReleaseR8|Any CPU.Build.0 = ReleaseR8|Any CPU
	EndGlobalSection
	GlobalSection(SolutionProperties) = preSolution
		HideSolutionNode = FALSE
	EndGlobalSection
	GlobalSection(ExtensibilityGlobals) = postSolution
		SolutionGuid = {D5112ED4-6739-4D4F-A5B3-5BF7DD7965F4}
	EndGlobalSection
EndGlobal
